
Microsoft Visual Studio Solution File, Format Version 12.00
# Visual Studio Version 16
VisualStudioVersion = 16.0.31515.178
MinimumVisualStudioVersion = 10.0.40219.1
Project("{FAE04EC0-301F-11D3-BF4B-00C04F79EFBC}") = "Parcial2 de Semana 13", "Parcial2 de Semana 13\Parcial2 de Semana 13.csproj", "{61E54952-CB47-462B-AA56-725E43EE6C17}"
EndProject
Global
	GlobalSection(SolutionConfigurationPlatforms) = preSolution
		Debug|Any CPU = Debug|Any CPU
		Release|Any CPU = Release|Any CPU
	EndGlobalSection
	GlobalSection(ProjectConfigurationPlatforms) = postSolution
		{61E54952-CB47-462B-AA56-725E43EE6C17}.Debug|Any CPU.ActiveCfg = Debug|Any CPU
		{61E54952-CB47-462B-AA56-725E43EE6C17}.Debug|Any CPU.Build.0 = Debug|Any CPU
		{61E54952-CB47-462B-AA56-725E43EE6C17}.Release|Any CPU.ActiveCfg = Release|Any CPU
		{61E54952-CB47-462B-AA56-725E43EE6C17}.Release|Any CPU.Build.0 = Release|Any CPU
	EndGlobalSection
	GlobalSection(SolutionProperties) = preSolution
		HideSolutionNode = FALSE
	EndGlobalSection
	GlobalSection(ExtensibilityGlobals) = postSolution
		SolutionGuid = {4578133D-CE02-4F74-8E8A-CE93E24C8EE1}
	EndGlobalSection
EndGlobal
